<?xml version="1.0" encoding="UTF-8" standalone="yes" ?>
<CodeBlocks_project_file>
	<FileVersion major="1" minor="6" />
	<Project>
		<Option title="Magazzino" />
		<Option pch_mode="2" />
		<Option compiler="gcc" />
		<Build>
			<Target title="Debug">
				<Option output="bin/Debug/Magazzino" prefix_auto="1" extension_auto="1" />
				<Option object_output="obj/Debug/" />
				<Option type="1" />
				<Option compiler="gcc" />
				<Compiler>
					<Add option="-g" />
					<Add directory="./" />
				</Compiler>
			</Target>
			<Target title="Release">
				<Option output="bin/Release/Magazzino" prefix_auto="1" extension_auto="1" />
				<Option object_output="obj/Release/" />
				<Option type="1" />
				<Option compiler="gcc" />
				<Compiler>
					<Add option="-O2" />
					<Add directory="./" />
				</Compiler>
				<Linker>
					<Add option="-s" />
				</Linker>
			</Target>
		</Build>
		<Compiler>
			<Add option="-Wall" />
			<Add option="-fexceptions" />
		</Compiler>
		<Unit filename="Storage.cpp" />
		<Unit filename="Storage.h" />
		<Unit filename="abstractProduct.cpp" />
		<Unit filename="abstractProduct.h" />
		<Unit filename="kilosProduct.cpp" />
		<Unit filename="kilosProduct.h" />
		<Unit filename="literProduct.cpp" />
		<Unit filename="literProduct.h" />
		<Unit filename="main.cpp" />
		<Unit filename="piecesProduct.cpp" />
		<Unit filename="piecesProduct.h" />
		<Unit filename="productFactory.cpp" />
		<Unit filename="productFactory.h" />
		<Extensions>
			<code_completion />
			<debugger />
		</Extensions>
	</Project>
</CodeBlocks_project_file>
